
Microsoft Visual Studio Solution File, Format Version 12.00
# Visual Studio 15
Project("{FAE04EC0-301F-11D3-BF4B-00C04F79EFBC}") = "TicTacToe game", "TicTacToe game.csproj", "{6A6C1B5D-D4DE-42DB-BE18-44E48536490C}"
EndProject
Global
	GlobalSection(SolutionConfigurationPlatforms) = preSolution
		Debug|Any CPU = Debug|Any CPU
		Release|Any CPU = Release|Any CPU
	EndGlobalSection
	GlobalSection(ProjectConfigurationPlatforms) = postSolution
		{6A6C1B5D-D4DE-42DB-BE18-44E48536490C}.Debug|Any CPU.ActiveCfg = Debug|Any CPU
		{6A6C1B5D-D4DE-42DB-BE18-44E48536490C}.Debug|Any CPU.Build.0 = Debug|Any CPU
		{6A6C1B5D-D4DE-42DB-BE18-44E48536490C}.Release|Any CPU.ActiveCfg = Release|Any CPU
		{6A6C1B5D-D4DE-42DB-BE18-44E48536490C}.Release|Any CPU.Build.0 = Release|Any CPU
	EndGlobalSection
EndGlobal
